
Microsoft Visual Studio Solution File, Format Version 12.00
# Visual Studio Version 16
VisualStudioVersion = 16.0.30907.101
MinimumVisualStudioVersion = 10.0.40219.1
Project("{9A19103F-16F7-4668-BE54-9A1E7A4F7556}") = "Archivist.Core", "Archivist.Core\Archivist.Core.csproj", "{55C8805E-9AE0-4CF2-B868-2E47F32A9113}"
EndProject
Project("{FAE04EC0-301F-11D3-BF4B-00C04F79EFBC}") = "Archivist", "Archivist\Archivist.csproj", "{17B09174-531E-4817-B470-C743D688EB79}"
EndProject
Global
	GlobalSection(SolutionConfigurationPlatforms) = preSolution
		Debug|Any CPU = Debug|Any CPU
		Release|Any CPU = Release|Any CPU
	EndGlobalSection
	GlobalSection(ProjectConfigurationPlatforms) = postSolution
		{55C8805E-9AE0-4CF2-B868-2E47F32A9113}.Debug|Any CPU.ActiveCfg = Debug|Any CPU
		{55C8805E-9AE0-4CF2-B868-2E47F32A9113}.Debug|Any CPU.Build.0 = Debug|Any CPU
		{55C8805E-9AE0-4CF2-B868-2E47F32A9113}.Release|Any CPU.ActiveCfg = Release|Any CPU
		{55C8805E-9AE0-4CF2-B868-2E47F32A9113}.Release|Any CPU.Build.0 = Release|Any CPU
		{17B09174-531E-4817-B470-C743D688EB79}.Debug|Any CPU.ActiveCfg = Debug|Any CPU
		{17B09174-531E-4817-B470-C743D688EB79}.Debug|Any CPU.Build.0 = Debug|Any CPU
		{17B09174-531E-4817-B470-C743D688EB79}.Release|Any CPU.ActiveCfg = Release|Any CPU
		{17B09174-531E-4817-B470-C743D688EB79}.Release|Any CPU.Build.0 = Release|Any CPU
	EndGlobalSection
	GlobalSection(SolutionProperties) = preSolution
		HideSolutionNode = FALSE
	EndGlobalSection
	GlobalSection(ExtensibilityGlobals) = postSolution
		SolutionGuid = {23C249B3-F24C-44A9-9975-394F7A8FD8A0}
	EndGlobalSection
EndGlobal
